// !$*UTF8*$!
{
	archiveVersion = 1;
	classes = {
	};
	objectVersion = 56;
	objects = {

/* Begin PBXBuildFile section */
		7B0CEF0F2A14931C00D00081 /* TTSManager.swift in Sources */ = {isa = PBXBuildFile; fileRef = 7B0CEF0E2A14931C00D00081 /* TTSManager.swift */; };
		7BFA24D92A13451000A6A444 /* AppDelegate.swift in Sources */ = {isa = PBXBuildFile; fileRef = 7BFA24D82A13451000A6A444 /* AppDelegate.swift */; };
		7BFA24DB2A13451000A6A444 /* SceneDelegate.swift in Sources */ = {isa = PBXBuildFile; fileRef = 7BFA24DA2A13451000A6A444 /* SceneDelegate.swift */; };
		7BFA24DD2A13451000A6A444 /* ViewController.swift in Sources */ = {isa = PBXBuildFile; fileRef = 7BFA24DC2A13451000A6A444 /* ViewController.swift */; };
		7BFA24E32A13451000A6A444 /* SpeechRecognition.xcdatamodeld in Sources */ = {isa = PBXBuildFile; fileRef = 7BFA24E12A13451000A6A444 /* SpeechRecognition.xcdatamodeld */; };
		7BFA24E52A13451100A6A444 /* Assets.xcassets in Resources */ = {isa = PBXBuildFile; fileRef = 7BFA24E42A13451100A6A444 /* Assets.xcassets */; };
		7BFA24E82A13451100A6A444 /* LaunchScreen.storyboard in Resources */ = {isa = PBXBuildFile; fileRef = 7BFA24E62A13451100A6A444 /* LaunchScreen.storyboard */; };
		7BFA24F02A1356BF00A6A444 /* SpeechRecognizer.swift in Sources */ = {isa = PBXBuildFile; fileRef = 7BFA24EF2A1356BF00A6A444 /* SpeechRecognizer.swift */; };
/* End PBXBuildFile section */

/* Begin PBXFileReference section */
		7B0CEF0E2A14931C00D00081 /* TTSManager.swift */ = {isa = PBXFileReference; lastKnownFileType = sourcecode.swift; path = TTSManager.swift; sourceTree = "<group>"; };
		7BFA24D52A13451000A6A444 /* SpeechRecognition.app */ = {isa = PBXFileReference; explicitFileType = wrapper.application; includeInIndex = 0; path = SpeechRecognition.app; sourceTree = BUILT_PRODUCTS_DIR; };
		7BFA24D82A13451000A6A444 /* AppDelegate.swift */ = {isa = PBXFileReference; lastKnownFileType = sourcecode.swift; path = AppDelegate.swift; sourceTree = "<group>"; };
		7BFA24DA2A13451000A6A444 /* SceneDelegate.swift */ = {isa = PBXFileReference; lastKnownFileType = sourcecode.swift; path = SceneDelegate.swift; sourceTree = "<group>"; };
		7BFA24DC2A13451000A6A444 /* ViewController.swift */ = {isa = PBXFileReference; lastKnownFileType = sourcecode.swift; path = ViewController.swift; sourceTree = "<group>"; };
		7BFA24E22A13451000A6A444 /* SpeechRecognition.xcdatamodel */ = {isa = PBXFileReference; lastKnownFileType = wrapper.xcdatamodel; path = SpeechRecognition.xcdatamodel; sourceTree = "<group>"; };
		7BFA24E42A13451100A6A444 /* Assets.xcassets */ = {isa = PBXFileReference; lastKnownFileType = folder.assetcatalog; path = Assets.xcassets; sourceTree = "<group>"; };
		7BFA24E72A13451100A6A444 /* Base */ = {isa = PBXFileReference; lastKnownFileType = file.storyboard; name = Base; path = Base.lproj/LaunchScreen.storyboard; sourceTree = "<group>"; };
		7BFA24E92A13451100A6A444 /* Info.plist */ = {isa = PBXFileReference; lastKnownFileType = text.plist.xml; path = Info.plist; sourceTree = "<group>"; };
		7BFA24EF2A1356BF00A6A444 /* SpeechRecognizer.swift */ = {isa = PBXFileReference; lastKnownFileType = sourcecode.swift; path = SpeechRecognizer.swift; sourceTree = "<group>"; };
/* End PBXFileReference section */

/* Begin PBXFrameworksBuildPhase section */
		7BFA24D22A13451000A6A444 /* Frameworks */ = {
			isa = PBXFrameworksBuildPhase;
			buildActionMask = 2147483647;
			files = (
			);
			runOnlyForDeploymentPostprocessing = 0;
		};
/* End PBXFrameworksBuildPhase section */

/* Begin PBXGroup section */
		7BFA24CC2A13451000A6A444 = {
			isa = PBXGroup;
			children = (
				7BFA24D72A13451000A6A444 /* SpeechRecognition */,
				7BFA24D62A13451000A6A444 /* Products */,
			);
			sourceTree = "<group>";
		};
		7BFA24D62A13451000A6A444 /* Products */ = {
			isa = PBXGroup;
			children = (
				7BFA24D52A13451000A6A444 /* SpeechRecognition.app */,
			);
			name = Products;
			sourceTree = "<group>";
		};
		7BFA24D72A13451000A6A444 /* SpeechRecognition */ = {
			isa = PBXGroup;
			children = (
				7BFA24D82A13451000A6A444 /* AppDelegate.swift */,
				7BFA24DA2A13451000A6A444 /* SceneDelegate.swift */,
				7BFA24DC2A13451000A6A444 /* ViewController.swift */,
				7BFA24EF2A1356BF00A6A444 /* SpeechRecognizer.swift */,
				7B0CEF0E2A14931C00D00081 /* TTSManager.swift */,
				7BFA24E42A13451100A6A444 /* Assets.xcassets */,
				7BFA24E62A13451100A6A444 /* LaunchScreen.storyboard */,
				7BFA24E92A13451100A6A444 /* Info.plist */,
				7BFA24E12A13451000A6A444 /* SpeechRecognition.xcdatamodeld */,
			);
			path = SpeechRecognition;
			sourceTree = "<group>";
		};
/* End PBXGroup section */

/* Begin PBXNativeTarget section */
		7BFA24D42A13451000A6A444 /* SpeechRecognition */ = {
			isa = PBXNativeTarget;
			buildConfigurationList = 7BFA24EC2A13451100A6A444 /* Build configuration list for PBXNativeTarget "SpeechRecognition" */;
			buildPhases = (
				7BFA24D12A13451000A6A444 /* Sources */,
				7BFA24D22A13451000A6A444 /* Frameworks */,
				7BFA24D32A13451000A6A444 /* Resources */,
			);
			buildRules = (
			);
			dependencies = (
			);
			name = SpeechRecognition;
			productName = SpeechRecognition;
			productReference = 7BFA24D52A13451000A6A444 /* SpeechRecognition.app */;
			productType = "com.apple.product-type.application";
		};
/* End PBXNativeTarget section */

/* Begin PBXProject section */
		7BFA24CD2A13451000A6A444 /* Project object */ = {
			isa = PBXProject;
			attributes = {
				BuildIndependentTargetsInParallel = 1;
				LastSwiftUpdateCheck = 1420;
				LastUpgradeCheck = 1420;
				TargetAttributes = {
					7BFA24D42A13451000A6A444 = {
						CreatedOnToolsVersion = 14.2;
					};
				};
			};
			buildConfigurationList = 7BFA24D02A13451000A6A444 /* Build configuration list for PBXProject "SpeechRecognition" */;
			compatibilityVersion = "Xcode 14.0";
			developmentRegion = en;
			hasScannedForEncodings = 0;
			knownRegions = (
				en,
				Base,
			);
			mainGroup = 7BFA24CC2A13451000A6A444;
			productRefGroup = 7BFA24D62A13451000A6A444 /* Products */;
			projectDirPath = "";
			projectRoot = "";
			targets = (
				7BFA24D42A13451000A6A444 /* SpeechRecognition */,
			);
		};
/* End PBXProject section */

/* Begin PBXResourcesBuildPhase section */
		7BFA24D32A13451000A6A444 /* Resources */ = {
			isa = PBXResourcesBuildPhase;
			buildActionMask = 2147483647;
			files = (
				7BFA24E82A13451100A6A444 /* LaunchScreen.storyboard in Resources */,
				7BFA24E52A13451100A6A444 /* Assets.xcassets in Resources */,
			);
			runOnlyForDeploymentPostprocessing = 0;
		};
/* End PBXResourcesBuildPhase section */

/* Begin PBXSourcesBuildPhase section */
		7BFA24D12A13451000A6A444 /* Sources */ = {
			isa = PBXSourcesBuildPhase;
			buildActionMask = 2147483647;
			files = (
				7BFA24F02A1356BF00A6A444 /* SpeechRecognizer.swift in Sources */,
				7B0CEF0F2A14931C00D00081 /* TTSManager.swift in Sources */,
				7BFA24DD2A13451000A6A444 /* ViewController.swift in Sources */,
				7BFA24D92A13451000A6A444 /* AppDelegate.swift in Sources */,
				7BFA24DB2A13451000A6A444 /* SceneDelegate.swift in Sources */,
				7BFA24E32A13451000A6A444 /* SpeechRecognition.xcdatamodeld in Sources */,
			);
			runOnlyForDeploymentPostprocessing = 0;
		};
/* End PBXSourcesBuildPhase section */

/* Begin PBXVariantGroup section */
		7BFA24E62A13451100A6A444 /* LaunchScreen.storyboard */ = {
			isa = PBXVariantGroup;
			children = (
				7BFA24E72A13451100A6A444 /* Base */,
			);
			name = LaunchScreen.storyboard;
			sourceTree = "<group>";
		};
/* End PBXVariantGroup section */

/* Begin XCBuildConfiguration section */
		7BFA24EA2A13451100A6A444 /* Debug */ = {
			isa = XCBuildConfiguration;
			buildSettings = {
				ALWAYS_SEARCH_USER_PATHS = NO;
				CLANG_ANALYZER_NONNULL = YES;
				CLANG_ANALYZER_NUMBER_OBJECT_CONVERSION = YES_AGGRESSIVE;
				CLANG_CXX_LANGUAGE_STANDARD = "gnu++20";
				CLANG_ENABLE_MODULES = YES;
				CLANG_ENABLE_OBJC_ARC = YES;
				CLANG_ENABLE_OBJC_WEAK = YES;
				CLANG_WARN_BLOCK_CAPTURE_AUTORELEASING = YES;
				CLANG_WARN_BOOL_CONVERSION = YES;
				CLANG_WARN_COMMA = YES;
				CLANG_WARN_CONSTANT_CONVERSION = YES;
				CLANG_WARN_DEPRECATED_OBJC_IMPLEMENTATIONS = YES;
				CLANG_WARN_DIRECT_OBJC_ISA_USAGE = YES_ERROR;
				CLANG_WARN_DOCUMENTATION_COMMENTS = YES;
				CLANG_WARN_EMPTY_BODY = YES;
				CLANG_WARN_ENUM_CONVERSION = YES;
				CLANG_WARN_INFINITE_RECURSION = YES;
				CLANG_WARN_INT_CONVERSION = YES;
				CLANG_WARN_NON_LITERAL_NULL_CONVERSION = YES;
				CLANG_WARN_OBJC_IMPLICIT_RETAIN_SELF = YES;
				CLANG_WARN_OBJC_LITERAL_CONVERSION = YES;
				CLANG_WARN_OBJC_ROOT_CLASS = YES_ERROR;
				CLANG_WARN_QUOTED_INCLUDE_IN_FRAMEWORK_HEADER = YES;
				CLANG_WARN_RANGE_LOOP_ANALYSIS = YES;
				CLANG_WARN_STRICT_PROTOTYPES = YES;
				CLANG_WARN_SUSPICIOUS_MOVE = YES;
				CLANG_WARN_UNGUARDED_AVAILABILITY = YES_AGGRESSIVE;
				CLANG_WARN_UNREACHABLE_CODE = YES;
				CLANG_WARN__DUPLICATE_METHOD_MATCH = YES;
				COPY_PHASE_STRIP = NO;
				DEBUG_INFORMATION_FORMAT = dwarf;
				ENABLE_STRICT_OBJC_MSGSEND = YES;
				ENABLE_TESTABILITY = YES;
				GCC_C_LANGUAGE_STANDARD = gnu11;
				GCC_DYNAMIC_NO_PIC = NO;
				GCC_NO_COMMON_BLOCKS = YES;
				GCC_OPTIMIZATION_LEVEL = 0;
				GCC_PREPROCESSOR_DEFINITIONS = (
					"DEBUG=1",
					"$(inherited)",
				);
				GCC_WARN_64_TO_32_BIT_CONVERSION = YES;
				GCC_WARN_ABOUT_RETURN_TYPE = YES_ERROR;
				GCC_WARN_UNDECLARED_SELECTOR = YES;
				GCC_WARN_UNINITIALIZED_AUTOS = YES_AGGRESSIVE;
				GCC_WARN_UNUSED_FUNCTION = YES;
				GCC_WARN_UNUSED_VARIABLE = YES;
				IPHONEOS_DEPLOYMENT_TARGET = 16.2;
				MTL_ENABLE_DEBUG_INFO = INCLUDE_SOURCE;
				MTL_FAST_MATH = YES;
				ONLY_ACTIVE_ARCH = YES;
				SDKROOT = iphoneos;
				SWIFT_ACTIVE_COMPILATION_CONDITIONS = DEBUG;
				SWIFT_OPTIMIZATION_LEVEL = "-Onone";
			};
			name = Debug;
		};
		7BFA24EB2A13451100A6A444 /* Release */ = {
			isa = XCBuildConfiguration;
			buildSettings = {
				ALWAYS_SEARCH_USER_PATHS = NO;
				CLANG_ANALYZER_NONNULL = YES;
				CLANG_ANALYZER_NUMBER_OBJECT_CONVERSION = YES_AGGRESSIVE;
				CLANG_CXX_LANGUAGE_STANDARD = "gnu++20";
				CLANG_ENABLE_MODULES = YES;
				CLANG_ENABLE_OBJC_ARC = YES;
				CLANG_ENABLE_OBJC_WEAK = YES;
				CLANG_WARN_BLOCK_CAPTURE_AUTORELEASING = YES;
				CLANG_WARN_BOOL_CONVERSION = YES;
				CLANG_WARN_COMMA = YES;
				CLANG_WARN_CONSTANT_CONVERSION = YES;
				CLANG_WARN_DEPRECATED_OBJC_IMPLEMENTATIONS = YES;
				CLANG_WARN_DIRECT_OBJC_ISA_USAGE = YES_ERROR;
				CLANG_WARN_DOCUMENTATION_COMMENTS = YES;
				CLANG_WARN_EMPTY_BODY = YES;
				CLANG_WARN_ENUM_CONVERSION = YES;
				CLANG_WARN_INFINITE_RECURSION = YES;
				CLANG_WARN_INT_CONVERSION = YES;
				CLANG_WARN_NON_LITERAL_NULL_CONVERSION = YES;
				CLANG_WARN_OBJC_IMPLICIT_RETAIN_SELF = YES;
				CLANG_WARN_OBJC_LITERAL_CONVERSION = YES;
				CLANG_WARN_OBJC_ROOT_CLASS = YES_ERROR;
				CLANG_WARN_QUOTED_INCLUDE_IN_FRAMEWORK_HEADER = YES;
				CLANG_WARN_RANGE_LOOP_ANALYSIS = YES;
				CLANG_WARN_STRICT_PROTOTYPES = YES;
				CLANG_WARN_SUSPICIOUS_MOVE = YES;
				CLANG_WARN_UNGUARDED_AVAILABILITY = YES_AGGRESSIVE;
				CLANG_WARN_UNREACHABLE_CODE = YES;
				CLANG_WARN__DUPLICATE_METHOD_MATCH = YES;
				COPY_PHASE_STRIP = NO;
				DEBUG_INFORMATION_FORMAT = "dwarf-with-dsym";
				ENABLE_NS_ASSERTIONS = NO;
				ENABLE_STRICT_OBJC_MSGSEND = YES;
				GCC_C_LANGUAGE_STANDARD = gnu11;
				GCC_NO_COMMON_BLOCKS = YES;
				GCC_WARN_64_TO_32_BIT_CONVERSION = YES;
				GCC_WARN_ABOUT_RETURN_TYPE = YES_ERROR;
				GCC_WARN_UNDECLARED_SELECTOR = YES;
				GCC_WARN_UNINITIALIZED_AUTOS = YES_AGGRESSIVE;
				GCC_WARN_UNUSED_FUNCTION = YES;
				GCC_WARN_UNUSED_VARIABLE = YES;
				IPHONEOS_DEPLOYMENT_TARGET = 16.2;
				MTL_ENABLE_DEBUG_INFO = NO;
				MTL_FAST_MATH = YES;
				SDKROOT = iphoneos;
				SWIFT_COMPILATION_MODE = wholemodule;
				SWIFT_OPTIMIZATION_LEVEL = "-O";
				VALIDATE_PRODUCT = YES;
			};
			name = Release;
		};
		7BFA24ED2A13451100A6A444 /* Debug */ = {
			isa = XCBuildConfiguration;
			buildSettings = {
				ASSETCATALOG_COMPILER_APPICON_NAME = AppIcon;
				ASSETCATALOG_COMPILER_GLOBAL_ACCENT_COLOR_NAME = AccentColor;
				CODE_SIGN_STYLE = Automatic;
				CURRENT_PROJECT_VERSION = 1;
				DEVELOPMENT_TEAM = 9Y3C29YBST;
				GENERATE_INFOPLIST_FILE = YES;
				INFOPLIST_FILE = SpeechRecognition/Info.plist;
				INFOPLIST_KEY_UIApplicationSupportsIndirectInputEvents = YES;
				INFOPLIST_KEY_UILaunchStoryboardName = LaunchScreen;
				INFOPLIST_KEY_UISupportedInterfaceOrientations_iPad = "UIInterfaceOrientationPortrait UIInterfaceOrientationPortraitUpsideDown UIInterfaceOrientationLandscapeLeft UIInterfaceOrientationLandscapeRight";
				INFOPLIST_KEY_UISupportedInterfaceOrientations_iPhone = "UIInterfaceOrientationPortrait UIInterfaceOrientationLandscapeLeft UIInterfaceOrientationLandscapeRight";
				LD_RUNPATH_SEARCH_PATHS = (
					"$(inherited)",
					"@executable_path/Frameworks",
				);
				MARKETING_VERSION = 1.0;
				PRODUCT_BUNDLE_IDENTIFIER = Cudo.SpeechRecognition;
				PRODUCT_NAME = "$(TARGET_NAME)";
				SWIFT_EMIT_LOC_STRINGS = YES;
				SWIFT_VERSION = 5.0;
				TARGETED_DEVICE_FAMILY = "1,2";
			};
			name = Debug;
		};
		7BFA24EE2A13451100A6A444 /* Release */ = {
			isa = XCBuildConfiguration;
			buildSettings = {
				ASSETCATALOG_COMPILER_APPICON_NAME = AppIcon;
				ASSETCATALOG_COMPILER_GLOBAL_ACCENT_COLOR_NAME = AccentColor;
				CODE_SIGN_STYLE = Automatic;
				CURRENT_PROJECT_VERSION = 1;
				DEVELOPMENT_TEAM = 9Y3C29YBST;
				GENERATE_INFOPLIST_FILE = YES;
				INFOPLIST_FILE = SpeechRecognition/Info.plist;
				INFOPLIST_KEY_UIApplicationSupportsIndirectInputEvents = YES;
				INFOPLIST_KEY_UILaunchStoryboardName = LaunchScreen;
				INFOPLIST_KEY_UISupportedInterfaceOrientations_iPad = "UIInterfaceOrientationPortrait UIInterfaceOrientationPortraitUpsideDown UIInterfaceOrientationLandscapeLeft UIInterfaceOrientationLandscapeRight";
				INFOPLIST_KEY_UISupportedInterfaceOrientations_iPhone = "UIInterfaceOrientationPortrait UIInterfaceOrientationLandscapeLeft UIInterfaceOrientationLandscapeRight";
				LD_RUNPATH_SEARCH_PATHS = (
					"$(inherited)",
					"@executable_path/Frameworks",
				);
				MARKETING_VERSION = 1.0;
				PRODUCT_BUNDLE_IDENTIFIER = Cudo.SpeechRecognition;
				PRODUCT_NAME = "$(TARGET_NAME)";
				SWIFT_EMIT_LOC_STRINGS = YES;
				SWIFT_VERSION = 5.0;
				TARGETED_DEVICE_FAMILY = "1,2";
			};
			name = Release;
		};
/* End XCBuildConfiguration section */

/* Begin XCConfigurationList section */
		7BFA24D02A13451000A6A444 /* Build configuration list for PBXProject "SpeechRecognition" */ = {
			isa = XCConfigurationList;
			buildConfigurations = (
				7BFA24EA2A13451100A6A444 /* Debug */,
				7BFA24EB2A13451100A6A444 /* Release */,
			);
			defaultConfigurationIsVisible = 0;
			defaultConfigurationName = Release;
		};
		7BFA24EC2A13451100A6A444 /* Build configuration list for PBXNativeTarget "SpeechRecognition" */ = {
			isa = XCConfigurationList;
			buildConfigurations = (
				7BFA24ED2A13451100A6A444 /* Debug */,
				7BFA24EE2A13451100A6A444 /* Release */,
			);
			defaultConfigurationIsVisible = 0;
			defaultConfigurationName = Release;
		};
/* End XCConfigurationList section */

/* Begin XCVersionGroup section */
		7BFA24E12A13451000A6A444 /* SpeechRecognition.xcdatamodeld */ = {
			isa = XCVersionGroup;
			children = (
				7BFA24E22A13451000A6A444 /* SpeechRecognition.xcdatamodel */,
			);
			currentVersion = 7BFA24E22A13451000A6A444 /* SpeechRecognition.xcdatamodel */;
			path = SpeechRecognition.xcdatamodeld;
			sourceTree = "<group>";
			versionGroupType = wrapper.xcdatamodel;
		};
/* End XCVersionGroup section */
	};
	rootObject = 7BFA24CD2A13451000A6A444 /* Project object */;
}
