// !$*UTF8*$!
{
	archiveVersion = 1;
	classes = {
	};
	objectVersion = 56;
	objects = {

/* Begin PBXBuildFile section */
		7B0CEF0F2A14931C00D00081 /* TTSManager.swift in Sources */ = {isa = PBXBuildFile; fileRef = 7B0CEF0E2A14931C00D00081 /* TTSManager.swift */; };
		7B9EC2342A1B227E005371D0 /* Consts.swift in Sources */ = {isa = PBXBuildFile; fileRef = 7B9EC2332A1B227E005371D0 /* Consts.swift */; };
		7B9EC2382A1B2906005371D0 /* HistoryListViewController.swift in Sources */ = {isa = PBXBuildFile; fileRef = 7B9EC2372A1B2906005371D0 /* HistoryListViewController.swift */; };
		7B9EC23A2A1B29C5005371D0 /* UILabel+Super.swift in Sources */ = {isa = PBXBuildFile; fileRef = 7B9EC2392A1B29C5005371D0 /* UILabel+Super.swift */; };
		7B9EC23C2A1B2C10005371D0 /* UIFont+Super.swift in Sources */ = {isa = PBXBuildFile; fileRef = 7B9EC23B2A1B2C10005371D0 /* UIFont+Super.swift */; };
		7B9EC2432A1B2C86005371D0 /* UILabel+Utils.swift in Sources */ = {isa = PBXBuildFile; fileRef = 7B9EC2422A1B2C86005371D0 /* UILabel+Utils.swift */; };
		7B9EC2452A1B335A005371D0 /* AppAppearance.swift in Sources */ = {isa = PBXBuildFile; fileRef = 7B9EC2442A1B335A005371D0 /* AppAppearance.swift */; };
		7B9EC2472A1B394C005371D0 /* UIImage+Utils.swift in Sources */ = {isa = PBXBuildFile; fileRef = 7B9EC2462A1B394C005371D0 /* UIImage+Utils.swift */; };
		7B9EC2492A1B3EBC005371D0 /* PreferenceDataUtils.swift in Sources */ = {isa = PBXBuildFile; fileRef = 7B9EC2482A1B3EBC005371D0 /* PreferenceDataUtils.swift */; };
		7B9EC24B2A1B4E64005371D0 /* SystemPrompt.swift in Sources */ = {isa = PBXBuildFile; fileRef = 7B9EC24A2A1B4E64005371D0 /* SystemPrompt.swift */; };
		7BA686DD2A1C97BA0021FE19 /* PopupViewController.swift in Sources */ = {isa = PBXBuildFile; fileRef = 7BA686DC2A1C97BA0021FE19 /* PopupViewController.swift */; };
		7BA686DF2A1C98050021FE19 /* UIButton.swift in Sources */ = {isa = PBXBuildFile; fileRef = 7BA686DE2A1C98050021FE19 /* UIButton.swift */; };
		7BA686E12A1CAB2C0021FE19 /* MainViewController.swift in Sources */ = {isa = PBXBuildFile; fileRef = 7BA686E02A1CAB2C0021FE19 /* MainViewController.swift */; };
		7BA686E32A1CABF00021FE19 /* MainCollectionViewCell.swift in Sources */ = {isa = PBXBuildFile; fileRef = 7BA686E22A1CABF00021FE19 /* MainCollectionViewCell.swift */; };
		7BC5346A2A1C51D80015F3B4 /* HistoryListCollectionViewCell.swift in Sources */ = {isa = PBXBuildFile; fileRef = 7BC534692A1C51D80015F3B4 /* HistoryListCollectionViewCell.swift */; };
		7BC5346D2A1C770A0015F3B4 /* UIColor+Utils.swift in Sources */ = {isa = PBXBuildFile; fileRef = 7BC5346C2A1C770A0015F3B4 /* UIColor+Utils.swift */; };
		7BC5346F2A1C77110015F3B4 /* UIColor+Super.swift in Sources */ = {isa = PBXBuildFile; fileRef = 7BC5346E2A1C77110015F3B4 /* UIColor+Super.swift */; };
		7BC8418E2A17399B0011221C /* ChatGPT.swift in Sources */ = {isa = PBXBuildFile; fileRef = 7BC8418D2A17399B0011221C /* ChatGPT.swift */; };
		7BC841902A174CE40011221C /* ChatGPTModels.swift in Sources */ = {isa = PBXBuildFile; fileRef = 7BC8418F2A174CE40011221C /* ChatGPTModels.swift */; };
		7BC841922A1768D50011221C /* ViewModel.swift in Sources */ = {isa = PBXBuildFile; fileRef = 7BC841912A1768D50011221C /* ViewModel.swift */; };
		7BDA0C612A1D88990081ED4A /* MainContentModel.swift in Sources */ = {isa = PBXBuildFile; fileRef = 7BDA0C602A1D88990081ED4A /* MainContentModel.swift */; };
		7BFA24D92A13451000A6A444 /* AppDelegate.swift in Sources */ = {isa = PBXBuildFile; fileRef = 7BFA24D82A13451000A6A444 /* AppDelegate.swift */; };
		7BFA24DB2A13451000A6A444 /* SceneDelegate.swift in Sources */ = {isa = PBXBuildFile; fileRef = 7BFA24DA2A13451000A6A444 /* SceneDelegate.swift */; };
		7BFA24DD2A13451000A6A444 /* SectionViewController.swift in Sources */ = {isa = PBXBuildFile; fileRef = 7BFA24DC2A13451000A6A444 /* SectionViewController.swift */; };
		7BFA24E32A13451000A6A444 /* SpeechRecognition.xcdatamodeld in Sources */ = {isa = PBXBuildFile; fileRef = 7BFA24E12A13451000A6A444 /* SpeechRecognition.xcdatamodeld */; };
		7BFA24E52A13451100A6A444 /* Assets.xcassets in Resources */ = {isa = PBXBuildFile; fileRef = 7BFA24E42A13451100A6A444 /* Assets.xcassets */; };
		7BFA24E82A13451100A6A444 /* LaunchScreen.storyboard in Resources */ = {isa = PBXBuildFile; fileRef = 7BFA24E62A13451100A6A444 /* LaunchScreen.storyboard */; };
		7BFA24F02A1356BF00A6A444 /* SpeechRecognizer.swift in Sources */ = {isa = PBXBuildFile; fileRef = 7BFA24EF2A1356BF00A6A444 /* SpeechRecognizer.swift */; };
/* End PBXBuildFile section */

/* Begin PBXFileReference section */
		7B0CEF0E2A14931C00D00081 /* TTSManager.swift */ = {isa = PBXFileReference; lastKnownFileType = sourcecode.swift; path = TTSManager.swift; sourceTree = "<group>"; };
		7B9EC2332A1B227E005371D0 /* Consts.swift */ = {isa = PBXFileReference; lastKnownFileType = sourcecode.swift; path = Consts.swift; sourceTree = "<group>"; };
		7B9EC2372A1B2906005371D0 /* HistoryListViewController.swift */ = {isa = PBXFileReference; lastKnownFileType = sourcecode.swift; path = HistoryListViewController.swift; sourceTree = "<group>"; };
		7B9EC2392A1B29C5005371D0 /* UILabel+Super.swift */ = {isa = PBXFileReference; lastKnownFileType = sourcecode.swift; path = "UILabel+Super.swift"; sourceTree = "<group>"; };
		7B9EC23B2A1B2C10005371D0 /* UIFont+Super.swift */ = {isa = PBXFileReference; lastKnownFileType = sourcecode.swift; path = "UIFont+Super.swift"; sourceTree = "<group>"; };
		7B9EC2422A1B2C86005371D0 /* UILabel+Utils.swift */ = {isa = PBXFileReference; lastKnownFileType = sourcecode.swift; path = "UILabel+Utils.swift"; sourceTree = "<group>"; };
		7B9EC2442A1B335A005371D0 /* AppAppearance.swift */ = {isa = PBXFileReference; lastKnownFileType = sourcecode.swift; path = AppAppearance.swift; sourceTree = "<group>"; };
		7B9EC2462A1B394C005371D0 /* UIImage+Utils.swift */ = {isa = PBXFileReference; lastKnownFileType = sourcecode.swift; path = "UIImage+Utils.swift"; sourceTree = "<group>"; };
		7B9EC2482A1B3EBC005371D0 /* PreferenceDataUtils.swift */ = {isa = PBXFileReference; lastKnownFileType = sourcecode.swift; path = PreferenceDataUtils.swift; sourceTree = "<group>"; };
		7B9EC24A2A1B4E64005371D0 /* SystemPrompt.swift */ = {isa = PBXFileReference; lastKnownFileType = sourcecode.swift; path = SystemPrompt.swift; sourceTree = "<group>"; };
		7BA686DC2A1C97BA0021FE19 /* PopupViewController.swift */ = {isa = PBXFileReference; lastKnownFileType = sourcecode.swift; path = PopupViewController.swift; sourceTree = "<group>"; };
		7BA686DE2A1C98050021FE19 /* UIButton.swift */ = {isa = PBXFileReference; lastKnownFileType = sourcecode.swift; path = UIButton.swift; sourceTree = "<group>"; };
		7BA686E02A1CAB2C0021FE19 /* MainViewController.swift */ = {isa = PBXFileReference; lastKnownFileType = sourcecode.swift; path = MainViewController.swift; sourceTree = "<group>"; };
		7BA686E22A1CABF00021FE19 /* MainCollectionViewCell.swift */ = {isa = PBXFileReference; lastKnownFileType = sourcecode.swift; path = MainCollectionViewCell.swift; sourceTree = "<group>"; };
		7BC534692A1C51D80015F3B4 /* HistoryListCollectionViewCell.swift */ = {isa = PBXFileReference; lastKnownFileType = sourcecode.swift; path = HistoryListCollectionViewCell.swift; sourceTree = "<group>"; };
		7BC5346C2A1C770A0015F3B4 /* UIColor+Utils.swift */ = {isa = PBXFileReference; lastKnownFileType = sourcecode.swift; path = "UIColor+Utils.swift"; sourceTree = "<group>"; };
		7BC5346E2A1C77110015F3B4 /* UIColor+Super.swift */ = {isa = PBXFileReference; lastKnownFileType = sourcecode.swift; path = "UIColor+Super.swift"; sourceTree = "<group>"; };
		7BC8418B2A1711C70011221C /* ko */ = {isa = PBXFileReference; lastKnownFileType = text.plist.strings; name = ko; path = ko.lproj/LaunchScreen.strings; sourceTree = "<group>"; };
		7BC8418C2A1711FF0011221C /* en-US */ = {isa = PBXFileReference; lastKnownFileType = text.plist.strings; name = "en-US"; path = "en-US.lproj/LaunchScreen.strings"; sourceTree = "<group>"; };
		7BC8418D2A17399B0011221C /* ChatGPT.swift */ = {isa = PBXFileReference; lastKnownFileType = sourcecode.swift; path = ChatGPT.swift; sourceTree = "<group>"; };
		7BC8418F2A174CE40011221C /* ChatGPTModels.swift */ = {isa = PBXFileReference; lastKnownFileType = sourcecode.swift; path = ChatGPTModels.swift; sourceTree = "<group>"; };
		7BC841912A1768D50011221C /* ViewModel.swift */ = {isa = PBXFileReference; lastKnownFileType = sourcecode.swift; path = ViewModel.swift; sourceTree = "<group>"; };
		7BDA0C602A1D88990081ED4A /* MainContentModel.swift */ = {isa = PBXFileReference; lastKnownFileType = sourcecode.swift; path = MainContentModel.swift; sourceTree = "<group>"; };
		7BFA24D52A13451000A6A444 /* SpeechRecognition.app */ = {isa = PBXFileReference; explicitFileType = wrapper.application; includeInIndex = 0; path = SpeechRecognition.app; sourceTree = BUILT_PRODUCTS_DIR; };
		7BFA24D82A13451000A6A444 /* AppDelegate.swift */ = {isa = PBXFileReference; lastKnownFileType = sourcecode.swift; path = AppDelegate.swift; sourceTree = "<group>"; };
		7BFA24DA2A13451000A6A444 /* SceneDelegate.swift */ = {isa = PBXFileReference; lastKnownFileType = sourcecode.swift; path = SceneDelegate.swift; sourceTree = "<group>"; };
		7BFA24DC2A13451000A6A444 /* SectionViewController.swift */ = {isa = PBXFileReference; lastKnownFileType = sourcecode.swift; path = SectionViewController.swift; sourceTree = "<group>"; };
		7BFA24E22A13451000A6A444 /* SpeechRecognition.xcdatamodel */ = {isa = PBXFileReference; lastKnownFileType = wrapper.xcdatamodel; path = SpeechRecognition.xcdatamodel; sourceTree = "<group>"; };
		7BFA24E42A13451100A6A444 /* Assets.xcassets */ = {isa = PBXFileReference; lastKnownFileType = folder.assetcatalog; path = Assets.xcassets; sourceTree = "<group>"; };
		7BFA24E72A13451100A6A444 /* Base */ = {isa = PBXFileReference; lastKnownFileType = file.storyboard; name = Base; path = Base.lproj/LaunchScreen.storyboard; sourceTree = "<group>"; };
		7BFA24E92A13451100A6A444 /* Info.plist */ = {isa = PBXFileReference; lastKnownFileType = text.plist.xml; path = Info.plist; sourceTree = "<group>"; };
		7BFA24EF2A1356BF00A6A444 /* SpeechRecognizer.swift */ = {isa = PBXFileReference; lastKnownFileType = sourcecode.swift; path = SpeechRecognizer.swift; sourceTree = "<group>"; };
/* End PBXFileReference section */

/* Begin PBXFrameworksBuildPhase section */
		7BFA24D22A13451000A6A444 /* Frameworks */ = {
			isa = PBXFrameworksBuildPhase;
			buildActionMask = 2147483647;
			files = (
			);
			runOnlyForDeploymentPostprocessing = 0;
		};
/* End PBXFrameworksBuildPhase section */

/* Begin PBXGroup section */
		7B9EC23D2A1B2C27005371D0 /* Service */ = {
			isa = PBXGroup;
			children = (
				7BFA24EF2A1356BF00A6A444 /* SpeechRecognizer.swift */,
				7B0CEF0E2A14931C00D00081 /* TTSManager.swift */,
				7BC8418D2A17399B0011221C /* ChatGPT.swift */,
			);
			path = Service;
			sourceTree = "<group>";
		};
		7B9EC23E2A1B2C30005371D0 /* ViewModel */ = {
			isa = PBXGroup;
			children = (
				7BC841912A1768D50011221C /* ViewModel.swift */,
			);
			path = ViewModel;
			sourceTree = "<group>";
		};
		7B9EC23F2A1B2C3A005371D0 /* Model */ = {
			isa = PBXGroup;
			children = (
				7BC8418F2A174CE40011221C /* ChatGPTModels.swift */,
				7B9EC24A2A1B4E64005371D0 /* SystemPrompt.swift */,
				7BDA0C602A1D88990081ED4A /* MainContentModel.swift */,
			);
			path = Model;
			sourceTree = "<group>";
		};
		7B9EC2402A1B2C42005371D0 /* Utils */ = {
			isa = PBXGroup;
			children = (
				7B9EC2442A1B335A005371D0 /* AppAppearance.swift */,
				7B9EC2332A1B227E005371D0 /* Consts.swift */,
				7B9EC2482A1B3EBC005371D0 /* PreferenceDataUtils.swift */,
				7BC5346E2A1C77110015F3B4 /* UIColor+Super.swift */,
				7BC5346C2A1C770A0015F3B4 /* UIColor+Utils.swift */,
				7B9EC23B2A1B2C10005371D0 /* UIFont+Super.swift */,
				7B9EC2462A1B394C005371D0 /* UIImage+Utils.swift */,
				7B9EC2392A1B29C5005371D0 /* UILabel+Super.swift */,
				7B9EC2422A1B2C86005371D0 /* UILabel+Utils.swift */,
			);
			path = Utils;
			sourceTree = "<group>";
		};
		7B9EC2412A1B2C58005371D0 /* View */ = {
			isa = PBXGroup;
			children = (
				7BA686E02A1CAB2C0021FE19 /* MainViewController.swift */,
				7BA686E22A1CABF00021FE19 /* MainCollectionViewCell.swift */,
				7BFA24DC2A13451000A6A444 /* SectionViewController.swift */,
				7BC5346B2A1C57430015F3B4 /* HistoryList */,
				7BA686DC2A1C97BA0021FE19 /* PopupViewController.swift */,
				7BA686DE2A1C98050021FE19 /* UIButton.swift */,
			);
			path = View;
			sourceTree = "<group>";
		};
		7BC5346B2A1C57430015F3B4 /* HistoryList */ = {
			isa = PBXGroup;
			children = (
				7B9EC2372A1B2906005371D0 /* HistoryListViewController.swift */,
				7BC534692A1C51D80015F3B4 /* HistoryListCollectionViewCell.swift */,
			);
			path = HistoryList;
			sourceTree = "<group>";
		};
		7BFA24CC2A13451000A6A444 = {
			isa = PBXGroup;
			children = (
				7BFA24D72A13451000A6A444 /* SpeechRecognition */,
				7BFA24D62A13451000A6A444 /* Products */,
			);
			sourceTree = "<group>";
		};
		7BFA24D62A13451000A6A444 /* Products */ = {
			isa = PBXGroup;
			children = (
				7BFA24D52A13451000A6A444 /* SpeechRecognition.app */,
			);
			name = Products;
			sourceTree = "<group>";
		};
		7BFA24D72A13451000A6A444 /* SpeechRecognition */ = {
			isa = PBXGroup;
			children = (
				7B9EC2402A1B2C42005371D0 /* Utils */,
				7B9EC2412A1B2C58005371D0 /* View */,
				7B9EC23D2A1B2C27005371D0 /* Service */,
				7B9EC23E2A1B2C30005371D0 /* ViewModel */,
				7B9EC23F2A1B2C3A005371D0 /* Model */,
				7BFA24D82A13451000A6A444 /* AppDelegate.swift */,
				7BFA24DA2A13451000A6A444 /* SceneDelegate.swift */,
				7BFA24E42A13451100A6A444 /* Assets.xcassets */,
				7BFA24E62A13451100A6A444 /* LaunchScreen.storyboard */,
				7BFA24E92A13451100A6A444 /* Info.plist */,
				7BFA24E12A13451000A6A444 /* SpeechRecognition.xcdatamodeld */,
			);
			path = SpeechRecognition;
			sourceTree = "<group>";
		};
/* End PBXGroup section */

/* Begin PBXNativeTarget section */
		7BFA24D42A13451000A6A444 /* SpeechRecognition */ = {
			isa = PBXNativeTarget;
			buildConfigurationList = 7BFA24EC2A13451100A6A444 /* Build configuration list for PBXNativeTarget "SpeechRecognition" */;
			buildPhases = (
				7BFA24D12A13451000A6A444 /* Sources */,
				7BFA24D22A13451000A6A444 /* Frameworks */,
				7BFA24D32A13451000A6A444 /* Resources */,
			);
			buildRules = (
			);
			dependencies = (
			);
			name = SpeechRecognition;
			productName = SpeechRecognition;
			productReference = 7BFA24D52A13451000A6A444 /* SpeechRecognition.app */;
			productType = "com.apple.product-type.application";
		};
/* End PBXNativeTarget section */

/* Begin PBXProject section */
		7BFA24CD2A13451000A6A444 /* Project object */ = {
			isa = PBXProject;
			attributes = {
				BuildIndependentTargetsInParallel = 1;
				LastSwiftUpdateCheck = 1420;
				LastUpgradeCheck = 1420;
				TargetAttributes = {
					7BFA24D42A13451000A6A444 = {
						CreatedOnToolsVersion = 14.2;
					};
				};
			};
			buildConfigurationList = 7BFA24D02A13451000A6A444 /* Build configuration list for PBXProject "SpeechRecognition" */;
			compatibilityVersion = "Xcode 14.0";
			developmentRegion = en;
			hasScannedForEncodings = 0;
			knownRegions = (
				en,
				Base,
				ko,
				"en-US",
			);
			mainGroup = 7BFA24CC2A13451000A6A444;
			productRefGroup = 7BFA24D62A13451000A6A444 /* Products */;
			projectDirPath = "";
			projectRoot = "";
			targets = (
				7BFA24D42A13451000A6A444 /* SpeechRecognition */,
			);
		};
/* End PBXProject section */

/* Begin PBXResourcesBuildPhase section */
		7BFA24D32A13451000A6A444 /* Resources */ = {
			isa = PBXResourcesBuildPhase;
			buildActionMask = 2147483647;
			files = (
				7BFA24E82A13451100A6A444 /* LaunchScreen.storyboard in Resources */,
				7BFA24E52A13451100A6A444 /* Assets.xcassets in Resources */,
			);
			runOnlyForDeploymentPostprocessing = 0;
		};
/* End PBXResourcesBuildPhase section */

/* Begin PBXSourcesBuildPhase section */
		7BFA24D12A13451000A6A444 /* Sources */ = {
			isa = PBXSourcesBuildPhase;
			buildActionMask = 2147483647;
			files = (
				7BFA24F02A1356BF00A6A444 /* SpeechRecognizer.swift in Sources */,
				7B9EC2342A1B227E005371D0 /* Consts.swift in Sources */,
				7B9EC24B2A1B4E64005371D0 /* SystemPrompt.swift in Sources */,
				7B9EC2382A1B2906005371D0 /* HistoryListViewController.swift in Sources */,
				7B9EC23C2A1B2C10005371D0 /* UIFont+Super.swift in Sources */,
				7BC841922A1768D50011221C /* ViewModel.swift in Sources */,
				7B0CEF0F2A14931C00D00081 /* TTSManager.swift in Sources */,
				7BFA24DD2A13451000A6A444 /* SectionViewController.swift in Sources */,
				7BDA0C612A1D88990081ED4A /* MainContentModel.swift in Sources */,
				7B9EC23A2A1B29C5005371D0 /* UILabel+Super.swift in Sources */,
				7BFA24D92A13451000A6A444 /* AppDelegate.swift in Sources */,
				7B9EC2492A1B3EBC005371D0 /* PreferenceDataUtils.swift in Sources */,
				7BA686DD2A1C97BA0021FE19 /* PopupViewController.swift in Sources */,
				7B9EC2452A1B335A005371D0 /* AppAppearance.swift in Sources */,
				7BC8418E2A17399B0011221C /* ChatGPT.swift in Sources */,
				7BC5346F2A1C77110015F3B4 /* UIColor+Super.swift in Sources */,
				7BA686E12A1CAB2C0021FE19 /* MainViewController.swift in Sources */,
				7BA686DF2A1C98050021FE19 /* UIButton.swift in Sources */,
				7B9EC2472A1B394C005371D0 /* UIImage+Utils.swift in Sources */,
				7BC841902A174CE40011221C /* ChatGPTModels.swift in Sources */,
				7BC5346D2A1C770A0015F3B4 /* UIColor+Utils.swift in Sources */,
				7BC5346A2A1C51D80015F3B4 /* HistoryListCollectionViewCell.swift in Sources */,
				7BFA24DB2A13451000A6A444 /* SceneDelegate.swift in Sources */,
				7BA686E32A1CABF00021FE19 /* MainCollectionViewCell.swift in Sources */,
				7B9EC2432A1B2C86005371D0 /* UILabel+Utils.swift in Sources */,
				7BFA24E32A13451000A6A444 /* SpeechRecognition.xcdatamodeld in Sources */,
			);
			runOnlyForDeploymentPostprocessing = 0;
		};
/* End PBXSourcesBuildPhase section */

/* Begin PBXVariantGroup section */
		7BFA24E62A13451100A6A444 /* LaunchScreen.storyboard */ = {
			isa = PBXVariantGroup;
			children = (
				7BFA24E72A13451100A6A444 /* Base */,
				7BC8418B2A1711C70011221C /* ko */,
				7BC8418C2A1711FF0011221C /* en-US */,
			);
			name = LaunchScreen.storyboard;
			sourceTree = "<group>";
		};
/* End PBXVariantGroup section */

/* Begin XCBuildConfiguration section */
		7BFA24EA2A13451100A6A444 /* Debug */ = {
			isa = XCBuildConfiguration;
			buildSettings = {
				ALWAYS_SEARCH_USER_PATHS = NO;
				CLANG_ANALYZER_LOCALIZABILITY_NONLOCALIZED = YES;
				CLANG_ANALYZER_NONNULL = YES;
				CLANG_ANALYZER_NUMBER_OBJECT_CONVERSION = YES_AGGRESSIVE;
				CLANG_CXX_LANGUAGE_STANDARD = "gnu++20";
				CLANG_ENABLE_MODULES = YES;
				CLANG_ENABLE_OBJC_ARC = YES;
				CLANG_ENABLE_OBJC_WEAK = YES;
				CLANG_WARN_BLOCK_CAPTURE_AUTORELEASING = YES;
				CLANG_WARN_BOOL_CONVERSION = YES;
				CLANG_WARN_COMMA = YES;
				CLANG_WARN_CONSTANT_CONVERSION = YES;
				CLANG_WARN_DEPRECATED_OBJC_IMPLEMENTATIONS = YES;
				CLANG_WARN_DIRECT_OBJC_ISA_USAGE = YES_ERROR;
				CLANG_WARN_DOCUMENTATION_COMMENTS = YES;
				CLANG_WARN_EMPTY_BODY = YES;
				CLANG_WARN_ENUM_CONVERSION = YES;
				CLANG_WARN_INFINITE_RECURSION = YES;
				CLANG_WARN_INT_CONVERSION = YES;
				CLANG_WARN_NON_LITERAL_NULL_CONVERSION = YES;
				CLANG_WARN_OBJC_IMPLICIT_RETAIN_SELF = YES;
				CLANG_WARN_OBJC_LITERAL_CONVERSION = YES;
				CLANG_WARN_OBJC_ROOT_CLASS = YES_ERROR;
				CLANG_WARN_QUOTED_INCLUDE_IN_FRAMEWORK_HEADER = YES;
				CLANG_WARN_RANGE_LOOP_ANALYSIS = YES;
				CLANG_WARN_STRICT_PROTOTYPES = YES;
				CLANG_WARN_SUSPICIOUS_MOVE = YES;
				CLANG_WARN_UNGUARDED_AVAILABILITY = YES_AGGRESSIVE;
				CLANG_WARN_UNREACHABLE_CODE = YES;
				CLANG_WARN__DUPLICATE_METHOD_MATCH = YES;
				COPY_PHASE_STRIP = NO;
				DEBUG_INFORMATION_FORMAT = dwarf;
				ENABLE_STRICT_OBJC_MSGSEND = YES;
				ENABLE_TESTABILITY = YES;
				GCC_C_LANGUAGE_STANDARD = gnu11;
				GCC_DYNAMIC_NO_PIC = NO;
				GCC_NO_COMMON_BLOCKS = YES;
				GCC_OPTIMIZATION_LEVEL = 0;
				GCC_PREPROCESSOR_DEFINITIONS = (
					"DEBUG=1",
					"$(inherited)",
				);
				GCC_WARN_64_TO_32_BIT_CONVERSION = YES;
				GCC_WARN_ABOUT_RETURN_TYPE = YES_ERROR;
				GCC_WARN_UNDECLARED_SELECTOR = YES;
				GCC_WARN_UNINITIALIZED_AUTOS = YES_AGGRESSIVE;
				GCC_WARN_UNUSED_FUNCTION = YES;
				GCC_WARN_UNUSED_VARIABLE = YES;
				IPHONEOS_DEPLOYMENT_TARGET = 16.2;
				MTL_ENABLE_DEBUG_INFO = INCLUDE_SOURCE;
				MTL_FAST_MATH = YES;
				ONLY_ACTIVE_ARCH = YES;
				SDKROOT = iphoneos;
				SWIFT_ACTIVE_COMPILATION_CONDITIONS = DEBUG;
				SWIFT_OPTIMIZATION_LEVEL = "-Onone";
			};
			name = Debug;
		};
		7BFA24EB2A13451100A6A444 /* Release */ = {
			isa = XCBuildConfiguration;
			buildSettings = {
				ALWAYS_SEARCH_USER_PATHS = NO;
				CLANG_ANALYZER_LOCALIZABILITY_NONLOCALIZED = YES;
				CLANG_ANALYZER_NONNULL = YES;
				CLANG_ANALYZER_NUMBER_OBJECT_CONVERSION = YES_AGGRESSIVE;
				CLANG_CXX_LANGUAGE_STANDARD = "gnu++20";
				CLANG_ENABLE_MODULES = YES;
				CLANG_ENABLE_OBJC_ARC = YES;
				CLANG_ENABLE_OBJC_WEAK = YES;
				CLANG_WARN_BLOCK_CAPTURE_AUTORELEASING = YES;
				CLANG_WARN_BOOL_CONVERSION = YES;
				CLANG_WARN_COMMA = YES;
				CLANG_WARN_CONSTANT_CONVERSION = YES;
				CLANG_WARN_DEPRECATED_OBJC_IMPLEMENTATIONS = YES;
				CLANG_WARN_DIRECT_OBJC_ISA_USAGE = YES_ERROR;
				CLANG_WARN_DOCUMENTATION_COMMENTS = YES;
				CLANG_WARN_EMPTY_BODY = YES;
				CLANG_WARN_ENUM_CONVERSION = YES;
				CLANG_WARN_INFINITE_RECURSION = YES;
				CLANG_WARN_INT_CONVERSION = YES;
				CLANG_WARN_NON_LITERAL_NULL_CONVERSION = YES;
				CLANG_WARN_OBJC_IMPLICIT_RETAIN_SELF = YES;
				CLANG_WARN_OBJC_LITERAL_CONVERSION = YES;
				CLANG_WARN_OBJC_ROOT_CLASS = YES_ERROR;
				CLANG_WARN_QUOTED_INCLUDE_IN_FRAMEWORK_HEADER = YES;
				CLANG_WARN_RANGE_LOOP_ANALYSIS = YES;
				CLANG_WARN_STRICT_PROTOTYPES = YES;
				CLANG_WARN_SUSPICIOUS_MOVE = YES;
				CLANG_WARN_UNGUARDED_AVAILABILITY = YES_AGGRESSIVE;
				CLANG_WARN_UNREACHABLE_CODE = YES;
				CLANG_WARN__DUPLICATE_METHOD_MATCH = YES;
				COPY_PHASE_STRIP = NO;
				DEBUG_INFORMATION_FORMAT = "dwarf-with-dsym";
				ENABLE_NS_ASSERTIONS = NO;
				ENABLE_STRICT_OBJC_MSGSEND = YES;
				GCC_C_LANGUAGE_STANDARD = gnu11;
				GCC_NO_COMMON_BLOCKS = YES;
				GCC_WARN_64_TO_32_BIT_CONVERSION = YES;
				GCC_WARN_ABOUT_RETURN_TYPE = YES_ERROR;
				GCC_WARN_UNDECLARED_SELECTOR = YES;
				GCC_WARN_UNINITIALIZED_AUTOS = YES_AGGRESSIVE;
				GCC_WARN_UNUSED_FUNCTION = YES;
				GCC_WARN_UNUSED_VARIABLE = YES;
				IPHONEOS_DEPLOYMENT_TARGET = 16.2;
				MTL_ENABLE_DEBUG_INFO = NO;
				MTL_FAST_MATH = YES;
				SDKROOT = iphoneos;
				SWIFT_COMPILATION_MODE = wholemodule;
				SWIFT_OPTIMIZATION_LEVEL = "-O";
				VALIDATE_PRODUCT = YES;
			};
			name = Release;
		};
		7BFA24ED2A13451100A6A444 /* Debug */ = {
			isa = XCBuildConfiguration;
			buildSettings = {
				ASSETCATALOG_COMPILER_APPICON_NAME = AppIcon;
				ASSETCATALOG_COMPILER_GLOBAL_ACCENT_COLOR_NAME = AccentColor;
				CODE_SIGN_STYLE = Automatic;
				CURRENT_PROJECT_VERSION = 1;
				DEVELOPMENT_TEAM = 9Y3C29YBST;
				GENERATE_INFOPLIST_FILE = YES;
				INFOPLIST_FILE = SpeechRecognition/Info.plist;
				INFOPLIST_KEY_UIApplicationSupportsIndirectInputEvents = YES;
				INFOPLIST_KEY_UILaunchStoryboardName = LaunchScreen;
				INFOPLIST_KEY_UISupportedInterfaceOrientations_iPad = "UIInterfaceOrientationPortrait UIInterfaceOrientationPortraitUpsideDown UIInterfaceOrientationLandscapeLeft UIInterfaceOrientationLandscapeRight";
				INFOPLIST_KEY_UISupportedInterfaceOrientations_iPhone = "UIInterfaceOrientationPortrait UIInterfaceOrientationLandscapeLeft UIInterfaceOrientationLandscapeRight";
				LD_RUNPATH_SEARCH_PATHS = (
					"$(inherited)",
					"@executable_path/Frameworks",
				);
				MARKETING_VERSION = 1.0;
				PRODUCT_BUNDLE_IDENTIFIER = Cudo.SpeechRecognition;
				PRODUCT_NAME = "$(TARGET_NAME)";
				SWIFT_EMIT_LOC_STRINGS = YES;
				SWIFT_VERSION = 5.0;
				TARGETED_DEVICE_FAMILY = "1,2";
			};
			name = Debug;
		};
		7BFA24EE2A13451100A6A444 /* Release */ = {
			isa = XCBuildConfiguration;
			buildSettings = {
				ASSETCATALOG_COMPILER_APPICON_NAME = AppIcon;
				ASSETCATALOG_COMPILER_GLOBAL_ACCENT_COLOR_NAME = AccentColor;
				CODE_SIGN_STYLE = Automatic;
				CURRENT_PROJECT_VERSION = 1;
				DEVELOPMENT_TEAM = 9Y3C29YBST;
				GENERATE_INFOPLIST_FILE = YES;
				INFOPLIST_FILE = SpeechRecognition/Info.plist;
				INFOPLIST_KEY_UIApplicationSupportsIndirectInputEvents = YES;
				INFOPLIST_KEY_UILaunchStoryboardName = LaunchScreen;
				INFOPLIST_KEY_UISupportedInterfaceOrientations_iPad = "UIInterfaceOrientationPortrait UIInterfaceOrientationPortraitUpsideDown UIInterfaceOrientationLandscapeLeft UIInterfaceOrientationLandscapeRight";
				INFOPLIST_KEY_UISupportedInterfaceOrientations_iPhone = "UIInterfaceOrientationPortrait UIInterfaceOrientationLandscapeLeft UIInterfaceOrientationLandscapeRight";
				LD_RUNPATH_SEARCH_PATHS = (
					"$(inherited)",
					"@executable_path/Frameworks",
				);
				MARKETING_VERSION = 1.0;
				PRODUCT_BUNDLE_IDENTIFIER = Cudo.SpeechRecognition;
				PRODUCT_NAME = "$(TARGET_NAME)";
				SWIFT_EMIT_LOC_STRINGS = YES;
				SWIFT_VERSION = 5.0;
				TARGETED_DEVICE_FAMILY = "1,2";
			};
			name = Release;
		};
/* End XCBuildConfiguration section */

/* Begin XCConfigurationList section */
		7BFA24D02A13451000A6A444 /* Build configuration list for PBXProject "SpeechRecognition" */ = {
			isa = XCConfigurationList;
			buildConfigurations = (
				7BFA24EA2A13451100A6A444 /* Debug */,
				7BFA24EB2A13451100A6A444 /* Release */,
			);
			defaultConfigurationIsVisible = 0;
			defaultConfigurationName = Release;
		};
		7BFA24EC2A13451100A6A444 /* Build configuration list for PBXNativeTarget "SpeechRecognition" */ = {
			isa = XCConfigurationList;
			buildConfigurations = (
				7BFA24ED2A13451100A6A444 /* Debug */,
				7BFA24EE2A13451100A6A444 /* Release */,
			);
			defaultConfigurationIsVisible = 0;
			defaultConfigurationName = Release;
		};
/* End XCConfigurationList section */

/* Begin XCVersionGroup section */
		7BFA24E12A13451000A6A444 /* SpeechRecognition.xcdatamodeld */ = {
			isa = XCVersionGroup;
			children = (
				7BFA24E22A13451000A6A444 /* SpeechRecognition.xcdatamodel */,
			);
			currentVersion = 7BFA24E22A13451000A6A444 /* SpeechRecognition.xcdatamodel */;
			path = SpeechRecognition.xcdatamodeld;
			sourceTree = "<group>";
			versionGroupType = wrapper.xcdatamodel;
		};
/* End XCVersionGroup section */
	};
	rootObject = 7BFA24CD2A13451000A6A444 /* Project object */;
}
